// !$*UTF8*$!
{
	archiveVersion = 1;
	classes = {
	};
	objectVersion = 50;
	objects = {

/* Begin PBXBuildFile section */
		91D3BACF221B733B0000D19D /* AppDelegate.swift in Sources */ = {isa = PBXBuildFile; fileRef = 91D3BACE221B733B0000D19D /* AppDelegate.swift */; };
		91D3BAD1221B733B0000D19D /* ViewController.swift in Sources */ = {isa = PBXBuildFile; fileRef = 91D3BAD0221B733B0000D19D /* ViewController.swift */; };
		91D3BAD4221B733B0000D19D /* Main.storyboard in Resources */ = {isa = PBXBuildFile; fileRef = 91D3BAD2221B733B0000D19D /* Main.storyboard */; };
		91D3BAD6221B733D0000D19D /* Assets.xcassets in Resources */ = {isa = PBXBuildFile; fileRef = 91D3BAD5221B733D0000D19D /* Assets.xcassets */; };
		91D3BAD9221B733D0000D19D /* LaunchScreen.storyboard in Resources */ = {isa = PBXBuildFile; fileRef = 91D3BAD7221B733D0000D19D /* LaunchScreen.storyboard */; };
		91D3BAE4221B733D0000D19D /* iQuizTests.swift in Sources */ = {isa = PBXBuildFile; fileRef = 91D3BAE3221B733D0000D19D /* iQuizTests.swift */; };
		91D3BAEF221B733D0000D19D /* iQuizUITests.swift in Sources */ = {isa = PBXBuildFile; fileRef = 91D3BAEE221B733D0000D19D /* iQuizUITests.swift */; };
/* End PBXBuildFile section */

/* Begin PBXContainerItemProxy section */
		91D3BAE0221B733D0000D19D /* PBXContainerItemProxy */ = {
			isa = PBXContainerItemProxy;
			containerPortal = 91D3BAC3221B733B0000D19D /* Project object */;
			proxyType = 1;
			remoteGlobalIDString = 91D3BACA221B733B0000D19D;
			remoteInfo = iQuiz;
		};
		91D3BAEB221B733D0000D19D /* PBXContainerItemProxy */ = {
			isa = PBXContainerItemProxy;
			containerPortal = 91D3BAC3221B733B0000D19D /* Project object */;
			proxyType = 1;
			remoteGlobalIDString = 91D3BACA221B733B0000D19D;
			remoteInfo = iQuiz;
		};
/* End PBXContainerItemProxy section */

/* Begin PBXFileReference section */
		91D3BACB221B733B0000D19D /* iQuiz.app */ = {isa = PBXFileReference; explicitFileType = wrapper.application; includeInIndex = 0; path = iQuiz.app; sourceTree = BUILT_PRODUCTS_DIR; };
		91D3BACE221B733B0000D19D /* AppDelegate.swift */ = {isa = PBXFileReference; lastKnownFileType = sourcecode.swift; path = AppDelegate.swift; sourceTree = "<group>"; };
		91D3BAD0221B733B0000D19D /* ViewController.swift */ = {isa = PBXFileReference; lastKnownFileType = sourcecode.swift; path = ViewController.swift; sourceTree = "<group>"; };
		91D3BAD3221B733B0000D19D /* Base */ = {isa = PBXFileReference; lastKnownFileType = file.storyboard; name = Base; path = Base.lproj/Main.storyboard; sourceTree = "<group>"; };
		91D3BAD5221B733D0000D19D /* Assets.xcassets */ = {isa = PBXFileReference; lastKnownFileType = folder.assetcatalog; path = Assets.xcassets; sourceTree = "<group>"; };
		91D3BAD8221B733D0000D19D /* Base */ = {isa = PBXFileReference; lastKnownFileType = file.storyboard; name = Base; path = Base.lproj/LaunchScreen.storyboard; sourceTree = "<group>"; };
		91D3BADA221B733D0000D19D /* Info.plist */ = {isa = PBXFileReference; lastKnownFileType = text.plist.xml; path = Info.plist; sourceTree = "<group>"; };
		91D3BADF221B733D0000D19D /* iQuizTests.xctest */ = {isa = PBXFileReference; explicitFileType = wrapper.cfbundle; includeInIndex = 0; path = iQuizTests.xctest; sourceTree = BUILT_PRODUCTS_DIR; };
		91D3BAE3221B733D0000D19D /* iQuizTests.swift */ = {isa = PBXFileReference; lastKnownFileType = sourcecode.swift; path = iQuizTests.swift; sourceTree = "<group>"; };
		91D3BAE5221B733D0000D19D /* Info.plist */ = {isa = PBXFileReference; lastKnownFileType = text.plist.xml; path = Info.plist; sourceTree = "<group>"; };
		91D3BAEA221B733D0000D19D /* iQuizUITests.xctest */ = {isa = PBXFileReference; explicitFileType = wrapper.cfbundle; includeInIndex = 0; path = iQuizUITests.xctest; sourceTree = BUILT_PRODUCTS_DIR; };
		91D3BAEE221B733D0000D19D /* iQuizUITests.swift */ = {isa = PBXFileReference; lastKnownFileType = sourcecode.swift; path = iQuizUITests.swift; sourceTree = "<group>"; };
		91D3BAF0221B733D0000D19D /* Info.plist */ = {isa = PBXFileReference; lastKnownFileType = text.plist.xml; path = Info.plist; sourceTree = "<group>"; };
/* End PBXFileReference section */

/* Begin PBXFrameworksBuildPhase section */
		91D3BAC8221B733B0000D19D /* Frameworks */ = {
			isa = PBXFrameworksBuildPhase;
			buildActionMask = 2147483647;
			files = (
			);
			runOnlyForDeploymentPostprocessing = 0;
		};
		91D3BADC221B733D0000D19D /* Frameworks */ = {
			isa = PBXFrameworksBuildPhase;
			buildActionMask = 2147483647;
			files = (
			);
			runOnlyForDeploymentPostprocessing = 0;
		};
		91D3BAE7221B733D0000D19D /* Frameworks */ = {
			isa = PBXFrameworksBuildPhase;
			buildActionMask = 2147483647;
			files = (
			);
			runOnlyForDeploymentPostprocessing = 0;
		};
/* End PBXFrameworksBuildPhase section */

/* Begin PBXGroup section */
		91D3BAC2221B733B0000D19D = {
			isa = PBXGroup;
			children = (
				91D3BACD221B733B0000D19D /* iQuiz */,
				91D3BAE2221B733D0000D19D /* iQuizTests */,
				91D3BAED221B733D0000D19D /* iQuizUITests */,
				91D3BACC221B733B0000D19D /* Products */,
			);
			sourceTree = "<group>";
		};
		91D3BACC221B733B0000D19D /* Products */ = {
			isa = PBXGroup;
			children = (
				91D3BACB221B733B0000D19D /* iQuiz.app */,
				91D3BADF221B733D0000D19D /* iQuizTests.xctest */,
				91D3BAEA221B733D0000D19D /* iQuizUITests.xctest */,
			);
			name = Products;
			sourceTree = "<group>";
		};
		91D3BACD221B733B0000D19D /* iQuiz */ = {
			isa = PBXGroup;
			children = (
				91D3BACE221B733B0000D19D /* AppDelegate.swift */,
				91D3BAD0221B733B0000D19D /* ViewController.swift */,
				91D3BAD2221B733B0000D19D /* Main.storyboard */,
				91D3BAD5221B733D0000D19D /* Assets.xcassets */,
				91D3BAD7221B733D0000D19D /* LaunchScreen.storyboard */,
				91D3BADA221B733D0000D19D /* Info.plist */,
			);
			path = iQuiz;
			sourceTree = "<group>";
		};
		91D3BAE2221B733D0000D19D /* iQuizTests */ = {
			isa = PBXGroup;
			children = (
				91D3BAE3221B733D0000D19D /* iQuizTests.swift */,
				91D3BAE5221B733D0000D19D /* Info.plist */,
			);
			path = iQuizTests;
			sourceTree = "<group>";
		};
		91D3BAED221B733D0000D19D /* iQuizUITests */ = {
			isa = PBXGroup;
			children = (
				91D3BAEE221B733D0000D19D /* iQuizUITests.swift */,
				91D3BAF0221B733D0000D19D /* Info.plist */,
			);
			path = iQuizUITests;
			sourceTree = "<group>";
		};
/* End PBXGroup section */

/* Begin PBXNativeTarget section */
		91D3BACA221B733B0000D19D /* iQuiz */ = {
			isa = PBXNativeTarget;
			buildConfigurationList = 91D3BAF3221B733D0000D19D /* Build configuration list for PBXNativeTarget "iQuiz" */;
			buildPhases = (
				91D3BAC7221B733B0000D19D /* Sources */,
				91D3BAC8221B733B0000D19D /* Frameworks */,
				91D3BAC9221B733B0000D19D /* Resources */,
			);
			buildRules = (
			);
			dependencies = (
			);
			name = iQuiz;
			productName = iQuiz;
			productReference = 91D3BACB221B733B0000D19D /* iQuiz.app */;
			productType = "com.apple.product-type.application";
		};
		91D3BADE221B733D0000D19D /* iQuizTests */ = {
			isa = PBXNativeTarget;
			buildConfigurationList = 91D3BAF6221B733D0000D19D /* Build configuration list for PBXNativeTarget "iQuizTests" */;
			buildPhases = (
				91D3BADB221B733D0000D19D /* Sources */,
				91D3BADC221B733D0000D19D /* Frameworks */,
				91D3BADD221B733D0000D19D /* Resources */,
			);
			buildRules = (
			);
			dependencies = (
				91D3BAE1221B733D0000D19D /* PBXTargetDependency */,
			);
			name = iQuizTests;
			productName = iQuizTests;
			productReference = 91D3BADF221B733D0000D19D /* iQuizTests.xctest */;
			productType = "com.apple.product-type.bundle.unit-test";
		};
		91D3BAE9221B733D0000D19D /* iQuizUITests */ = {
			isa = PBXNativeTarget;
			buildConfigurationList = 91D3BAF9221B733D0000D19D /* Build configuration list for PBXNativeTarget "iQuizUITests" */;
			buildPhases = (
				91D3BAE6221B733D0000D19D /* Sources */,
				91D3BAE7221B733D0000D19D /* Frameworks */,
				91D3BAE8221B733D0000D19D /* Resources */,
			);
			buildRules = (
			);
			dependencies = (
				91D3BAEC221B733D0000D19D /* PBXTargetDependency */,
			);
			name = iQuizUITests;
			productName = iQuizUITests;
			productReference = 91D3BAEA221B733D0000D19D /* iQuizUITests.xctest */;
			productType = "com.apple.product-type.bundle.ui-testing";
		};
/* End PBXNativeTarget section */

/* Begin PBXProject section */
		91D3BAC3221B733B0000D19D /* Project object */ = {
			isa = PBXProject;
			attributes = {
				LastSwiftUpdateCheck = 1010;
				LastUpgradeCheck = 1010;
				ORGANIZATIONNAME = "Anni Yan";
				TargetAttributes = {
					91D3BACA221B733B0000D19D = {
						CreatedOnToolsVersion = 10.1;
					};
					91D3BADE221B733D0000D19D = {
						CreatedOnToolsVersion = 10.1;
						TestTargetID = 91D3BACA221B733B0000D19D;
					};
					91D3BAE9221B733D0000D19D = {
						CreatedOnToolsVersion = 10.1;
						TestTargetID = 91D3BACA221B733B0000D19D;
					};
				};
			};
			buildConfigurationList = 91D3BAC6221B733B0000D19D /* Build configuration list for PBXProject "iQuiz" */;
			compatibilityVersion = "Xcode 9.3";
			developmentRegion = en;
			hasScannedForEncodings = 0;
			knownRegions = (
				en,
				Base,
			);
			mainGroup = 91D3BAC2221B733B0000D19D;
			productRefGroup = 91D3BACC221B733B0000D19D /* Products */;
			projectDirPath = "";
			projectRoot = "";
			targets = (
				91D3BACA221B733B0000D19D /* iQuiz */,
				91D3BADE221B733D0000D19D /* iQuizTests */,
				91D3BAE9221B733D0000D19D /* iQuizUITests */,
			);
		};
/* End PBXProject section */

/* Begin PBXResourcesBuildPhase section */
		91D3BAC9221B733B0000D19D /* Resources */ = {
			isa = PBXResourcesBuildPhase;
			buildActionMask = 2147483647;
			files = (
				91D3BAD9221B733D0000D19D /* LaunchScreen.storyboard in Resources */,
				91D3BAD6221B733D0000D19D /* Assets.xcassets in Resources */,
				91D3BAD4221B733B0000D19D /* Main.storyboard in Resources */,
			);
			runOnlyForDeploymentPostprocessing = 0;
		};
		91D3BADD221B733D0000D19D /* Resources */ = {
			isa = PBXResourcesBuildPhase;
			buildActionMask = 2147483647;
			files = (
			);
			runOnlyForDeploymentPostprocessing = 0;
		};
		91D3BAE8221B733D0000D19D /* Resources */ = {
			isa = PBXResourcesBuildPhase;
			buildActionMask = 2147483647;
			files = (
			);
			runOnlyForDeploymentPostprocessing = 0;
		};
/* End PBXResourcesBuildPhase section */

/* Begin PBXSourcesBuildPhase section */
		91D3BAC7221B733B0000D19D /* Sources */ = {
			isa = PBXSourcesBuildPhase;
			buildActionMask = 2147483647;
			files = (
				91D3BAD1221B733B0000D19D /* ViewController.swift in Sources */,
				91D3BACF221B733B0000D19D /* AppDelegate.swift in Sources */,
			);
			runOnlyForDeploymentPostprocessing = 0;
		};
		91D3BADB221B733D0000D19D /* Sources */ = {
			isa = PBXSourcesBuildPhase;
			buildActionMask = 2147483647;
			files = (
				91D3BAE4221B733D0000D19D /* iQuizTests.swift in Sources */,
			);
			runOnlyForDeploymentPostprocessing = 0;
		};
		91D3BAE6221B733D0000D19D /* Sources */ = {
			isa = PBXSourcesBuildPhase;
			buildActionMask = 2147483647;
			files = (
				91D3BAEF221B733D0000D19D /* iQuizUITests.swift in Sources */,
			);
			runOnlyForDeploymentPostprocessing = 0;
		};
/* End PBXSourcesBuildPhase section */

/* Begin PBXTargetDependency section */
		91D3BAE1221B733D0000D19D /* PBXTargetDependency */ = {
			isa = PBXTargetDependency;
			target = 91D3BACA221B733B0000D19D /* iQuiz */;
			targetProxy = 91D3BAE0221B733D0000D19D /* PBXContainerItemProxy */;
		};
		91D3BAEC221B733D0000D19D /* PBXTargetDependency */ = {
			isa = PBXTargetDependency;
			target = 91D3BACA221B733B0000D19D /* iQuiz */;
			targetProxy = 91D3BAEB221B733D0000D19D /* PBXContainerItemProxy */;
		};
/* End PBXTargetDependency section */

/* Begin PBXVariantGroup section */
		91D3BAD2221B733B0000D19D /* Main.storyboard */ = {
			isa = PBXVariantGroup;
			children = (
				91D3BAD3221B733B0000D19D /* Base */,
			);
			name = Main.storyboard;
			sourceTree = "<group>";
		};
		91D3BAD7221B733D0000D19D /* LaunchScreen.storyboard */ = {
			isa = PBXVariantGroup;
			children = (
				91D3BAD8221B733D0000D19D /* Base */,
			);
			name = LaunchScreen.storyboard;
			sourceTree = "<group>";
		};
/* End PBXVariantGroup section */

/* Begin XCBuildConfiguration section */
		91D3BAF1221B733D0000D19D /* Debug */ = {
			isa = XCBuildConfiguration;
			buildSettings = {
				ALWAYS_SEARCH_USER_PATHS = NO;
				CLANG_ANALYZER_NONNULL = YES;
				CLANG_ANALYZER_NUMBER_OBJECT_CONVERSION = YES_AGGRESSIVE;
				CLANG_CXX_LANGUAGE_STANDARD = "gnu++14";
				CLANG_CXX_LIBRARY = "libc++";
				CLANG_ENABLE_MODULES = YES;
				CLANG_ENABLE_OBJC_ARC = YES;
				CLANG_ENABLE_OBJC_WEAK = YES;
				CLANG_WARN_BLOCK_CAPTURE_AUTORELEASING = YES;
				CLANG_WARN_BOOL_CONVERSION = YES;
				CLANG_WARN_COMMA = YES;
				CLANG_WARN_CONSTANT_CONVERSION = YES;
				CLANG_WARN_DEPRECATED_OBJC_IMPLEMENTATIONS = YES;
				CLANG_WARN_DIRECT_OBJC_ISA_USAGE = YES_ERROR;
				CLANG_WARN_DOCUMENTATION_COMMENTS = YES;
				CLANG_WARN_EMPTY_BODY = YES;
				CLANG_WARN_ENUM_CONVERSION = YES;
				CLANG_WARN_INFINITE_RECURSION = YES;
				CLANG_WARN_INT_CONVERSION = YES;
				CLANG_WARN_NON_LITERAL_NULL_CONVERSION = YES;
				CLANG_WARN_OBJC_IMPLICIT_RETAIN_SELF = YES;
				CLANG_WARN_OBJC_LITERAL_CONVERSION = YES;
				CLANG_WARN_OBJC_ROOT_CLASS = YES_ERROR;
				CLANG_WARN_RANGE_LOOP_ANALYSIS = YES;
				CLANG_WARN_STRICT_PROTOTYPES = YES;
				CLANG_WARN_SUSPICIOUS_MOVE = YES;
				CLANG_WARN_UNGUARDED_AVAILABILITY = YES_AGGRESSIVE;
				CLANG_WARN_UNREACHABLE_CODE = YES;
				CLANG_WARN__DUPLICATE_METHOD_MATCH = YES;
				CODE_SIGN_IDENTITY = "iPhone Developer";
				COPY_PHASE_STRIP = NO;
				DEBUG_INFORMATION_FORMAT = dwarf;
				ENABLE_STRICT_OBJC_MSGSEND = YES;
				ENABLE_TESTABILITY = YES;
				GCC_C_LANGUAGE_STANDARD = gnu11;
				GCC_DYNAMIC_NO_PIC = NO;
				GCC_NO_COMMON_BLOCKS = YES;
				GCC_OPTIMIZATION_LEVEL = 0;
				GCC_PREPROCESSOR_DEFINITIONS = (
					"DEBUG=1",
					"$(inherited)",
				);
				GCC_WARN_64_TO_32_BIT_CONVERSION = YES;
				GCC_WARN_ABOUT_RETURN_TYPE = YES_ERROR;
				GCC_WARN_UNDECLARED_SELECTOR = YES;
				GCC_WARN_UNINITIALIZED_AUTOS = YES_AGGRESSIVE;
				GCC_WARN_UNUSED_FUNCTION = YES;
				GCC_WARN_UNUSED_VARIABLE = YES;
				IPHONEOS_DEPLOYMENT_TARGET = 12.1;
				MTL_ENABLE_DEBUG_INFO = INCLUDE_SOURCE;
				MTL_FAST_MATH = YES;
				ONLY_ACTIVE_ARCH = YES;
				SDKROOT = iphoneos;
				SWIFT_ACTIVE_COMPILATION_CONDITIONS = DEBUG;
				SWIFT_OPTIMIZATION_LEVEL = "-Onone";
			};
			name = Debug;
		};
		91D3BAF2221B733D0000D19D /* Release */ = {
			isa = XCBuildConfiguration;
			buildSettings = {
				ALWAYS_SEARCH_USER_PATHS = NO;
				CLANG_ANALYZER_NONNULL = YES;
				CLANG_ANALYZER_NUMBER_OBJECT_CONVERSION = YES_AGGRESSIVE;
				CLANG_CXX_LANGUAGE_STANDARD = "gnu++14";
				CLANG_CXX_LIBRARY = "libc++";
				CLANG_ENABLE_MODULES = YES;
				CLANG_ENABLE_OBJC_ARC = YES;
				CLANG_ENABLE_OBJC_WEAK = YES;
				CLANG_WARN_BLOCK_CAPTURE_AUTORELEASING = YES;
				CLANG_WARN_BOOL_CONVERSION = YES;
				CLANG_WARN_COMMA = YES;
				CLANG_WARN_CONSTANT_CONVERSION = YES;
				CLANG_WARN_DEPRECATED_OBJC_IMPLEMENTATIONS = YES;
				CLANG_WARN_DIRECT_OBJC_ISA_USAGE = YES_ERROR;
				CLANG_WARN_DOCUMENTATION_COMMENTS = YES;
				CLANG_WARN_EMPTY_BODY = YES;
				CLANG_WARN_ENUM_CONVERSION = YES;
				CLANG_WARN_INFINITE_RECURSION = YES;
				CLANG_WARN_INT_CONVERSION = YES;
				CLANG_WARN_NON_LITERAL_NULL_CONVERSION = YES;
				CLANG_WARN_OBJC_IMPLICIT_RETAIN_SELF = YES;
				CLANG_WARN_OBJC_LITERAL_CONVERSION = YES;
				CLANG_WARN_OBJC_ROOT_CLASS = YES_ERROR;
				CLANG_WARN_RANGE_LOOP_ANALYSIS = YES;
				CLANG_WARN_STRICT_PROTOTYPES = YES;
				CLANG_WARN_SUSPICIOUS_MOVE = YES;
				CLANG_WARN_UNGUARDED_AVAILABILITY = YES_AGGRESSIVE;
				CLANG_WARN_UNREACHABLE_CODE = YES;
				CLANG_WARN__DUPLICATE_METHOD_MATCH = YES;
				CODE_SIGN_IDENTITY = "iPhone Developer";
				COPY_PHASE_STRIP = NO;
				DEBUG_INFORMATION_FORMAT = "dwarf-with-dsym";
				ENABLE_NS_ASSERTIONS = NO;
				ENABLE_STRICT_OBJC_MSGSEND = YES;
				GCC_C_LANGUAGE_STANDARD = gnu11;
				GCC_NO_COMMON_BLOCKS = YES;
				GCC_WARN_64_TO_32_BIT_CONVERSION = YES;
				GCC_WARN_ABOUT_RETURN_TYPE = YES_ERROR;
				GCC_WARN_UNDECLARED_SELECTOR = YES;
				GCC_WARN_UNINITIALIZED_AUTOS = YES_AGGRESSIVE;
				GCC_WARN_UNUSED_FUNCTION = YES;
				GCC_WARN_UNUSED_VARIABLE = YES;
				IPHONEOS_DEPLOYMENT_TARGET = 12.1;
				MTL_ENABLE_DEBUG_INFO = NO;
				MTL_FAST_MATH = YES;
				SDKROOT = iphoneos;
				SWIFT_COMPILATION_MODE = wholemodule;
				SWIFT_OPTIMIZATION_LEVEL = "-O";
				VALIDATE_PRODUCT = YES;
			};
			name = Release;
		};
		91D3BAF4221B733D0000D19D /* Debug */ = {
			isa = XCBuildConfiguration;
			buildSettings = {
				ASSETCATALOG_COMPILER_APPICON_NAME = AppIcon;
				CODE_SIGN_STYLE = Automatic;
				INFOPLIST_FILE = iQuiz/Info.plist;
				LD_RUNPATH_SEARCH_PATHS = (
					"$(inherited)",
					"@executable_path/Frameworks",
				);
				PRODUCT_BUNDLE_IDENTIFIER = edu.washington.yan530.iquiz.iQuiz;
				PRODUCT_NAME = "$(TARGET_NAME)";
				SWIFT_VERSION = 4.2;
				TARGETED_DEVICE_FAMILY = "1,2";
			};
			name = Debug;
		};
		91D3BAF5221B733D0000D19D /* Release */ = {
			isa = XCBuildConfiguration;
			buildSettings = {
				ASSETCATALOG_COMPILER_APPICON_NAME = AppIcon;
				CODE_SIGN_STYLE = Automatic;
				INFOPLIST_FILE = iQuiz/Info.plist;
				LD_RUNPATH_SEARCH_PATHS = (
					"$(inherited)",
					"@executable_path/Frameworks",
				);
				PRODUCT_BUNDLE_IDENTIFIER = edu.washington.yan530.iquiz.iQuiz;
				PRODUCT_NAME = "$(TARGET_NAME)";
				SWIFT_VERSION = 4.2;
				TARGETED_DEVICE_FAMILY = "1,2";
			};
			name = Release;
		};
		91D3BAF7221B733D0000D19D /* Debug */ = {
			isa = XCBuildConfiguration;
			buildSettings = {
				ALWAYS_EMBED_SWIFT_STANDARD_LIBRARIES = YES;
				BUNDLE_LOADER = "$(TEST_HOST)";
				CODE_SIGN_STYLE = Automatic;
				INFOPLIST_FILE = iQuizTests/Info.plist;
				LD_RUNPATH_SEARCH_PATHS = (
					"$(inherited)",
					"@executable_path/Frameworks",
					"@loader_path/Frameworks",
				);
				PRODUCT_BUNDLE_IDENTIFIER = edu.washington.yan530.iquiz.iQuizTests;
				PRODUCT_NAME = "$(TARGET_NAME)";
				SWIFT_VERSION = 4.2;
				TARGETED_DEVICE_FAMILY = "1,2";
				TEST_HOST = "$(BUILT_PRODUCTS_DIR)/iQuiz.app/iQuiz";
			};
			name = Debug;
		};
		91D3BAF8221B733D0000D19D /* Release */ = {
			isa = XCBuildConfiguration;
			buildSettings = {
				ALWAYS_EMBED_SWIFT_STANDARD_LIBRARIES = YES;
				BUNDLE_LOADER = "$(TEST_HOST)";
				CODE_SIGN_STYLE = Automatic;
				INFOPLIST_FILE = iQuizTests/Info.plist;
				LD_RUNPATH_SEARCH_PATHS = (
					"$(inherited)",
					"@executable_path/Frameworks",
					"@loader_path/Frameworks",
				);
				PRODUCT_BUNDLE_IDENTIFIER = edu.washington.yan530.iquiz.iQuizTests;
				PRODUCT_NAME = "$(TARGET_NAME)";
				SWIFT_VERSION = 4.2;
				TARGETED_DEVICE_FAMILY = "1,2";
				TEST_HOST = "$(BUILT_PRODUCTS_DIR)/iQuiz.app/iQuiz";
			};
			name = Release;
		};
		91D3BAFA221B733D0000D19D /* Debug */ = {
			isa = XCBuildConfiguration;
			buildSettings = {
				ALWAYS_EMBED_SWIFT_STANDARD_LIBRARIES = YES;
				CODE_SIGN_STYLE = Automatic;
				INFOPLIST_FILE = iQuizUITests/Info.plist;
				LD_RUNPATH_SEARCH_PATHS = (
					"$(inherited)",
					"@executable_path/Frameworks",
					"@loader_path/Frameworks",
				);
				PRODUCT_BUNDLE_IDENTIFIER = edu.washington.yan530.iquiz.iQuizUITests;
				PRODUCT_NAME = "$(TARGET_NAME)";
				SWIFT_VERSION = 4.2;
				TARGETED_DEVICE_FAMILY = "1,2";
				TEST_TARGET_NAME = iQuiz;
			};
			name = Debug;
		};
		91D3BAFB221B733D0000D19D /* Release */ = {
			isa = XCBuildConfiguration;
			buildSettings = {
				ALWAYS_EMBED_SWIFT_STANDARD_LIBRARIES = YES;
				CODE_SIGN_STYLE = Automatic;
				INFOPLIST_FILE = iQuizUITests/Info.plist;
				LD_RUNPATH_SEARCH_PATHS = (
					"$(inherited)",
					"@executable_path/Frameworks",
					"@loader_path/Frameworks",
				);
				PRODUCT_BUNDLE_IDENTIFIER = edu.washington.yan530.iquiz.iQuizUITests;
				PRODUCT_NAME = "$(TARGET_NAME)";
				SWIFT_VERSION = 4.2;
				TARGETED_DEVICE_FAMILY = "1,2";
				TEST_TARGET_NAME = iQuiz;
			};
			name = Release;
		};
/* End XCBuildConfiguration section */

/* Begin XCConfigurationList section */
		91D3BAC6221B733B0000D19D /* Build configuration list for PBXProject "iQuiz" */ = {
			isa = XCConfigurationList;
			buildConfigurations = (
				91D3BAF1221B733D0000D19D /* Debug */,
				91D3BAF2221B733D0000D19D /* Release */,
			);
			defaultConfigurationIsVisible = 0;
			defaultConfigurationName = Release;
		};
		91D3BAF3221B733D0000D19D /* Build configuration list for PBXNativeTarget "iQuiz" */ = {
			isa = XCConfigurationList;
			buildConfigurations = (
				91D3BAF4221B733D0000D19D /* Debug */,
				91D3BAF5221B733D0000D19D /* Release */,
			);
			defaultConfigurationIsVisible = 0;
			defaultConfigurationName = Release;
		};
		91D3BAF6221B733D0000D19D /* Build configuration list for PBXNativeTarget "iQuizTests" */ = {
			isa = XCConfigurationList;
			buildConfigurations = (
				91D3BAF7221B733D0000D19D /* Debug */,
				91D3BAF8221B733D0000D19D /* Release */,
			);
			defaultConfigurationIsVisible = 0;
			defaultConfigurationName = Release;
		};
		91D3BAF9221B733D0000D19D /* Build configuration list for PBXNativeTarget "iQuizUITests" */ = {
			isa = XCConfigurationList;
			buildConfigurations = (
				91D3BAFA221B733D0000D19D /* Debug */,
				91D3BAFB221B733D0000D19D /* Release */,
			);
			defaultConfigurationIsVisible = 0;
			defaultConfigurationName = Release;
		};
/* End XCConfigurationList section */
	};
	rootObject = 91D3BAC3221B733B0000D19D /* Project object */;
}
